
Microsoft Visual Studio Solution File, Format Version 12.00
# Visual Studio Version 16
VisualStudioVersion = 16.0.30114.105
MinimumVisualStudioVersion = 10.0.40219.1
Project("{2150E333-8FDC-42A3-9474-1A3956D46DE8}") = "src", "src", "{9181289D-E1A0-4294-86C3-000A3DB40611}"
EndProject
Project("{FAE04EC0-301F-11D3-BF4B-00C04F79EFBC}") = "JsonToJsonMapper.Core", "src\JsonToJsonMapper\JsonToJsonMapper.Core.csproj", "{4620C9BA-6A5E-4B38-A3E3-6394AA94D06C}"
EndProject
Project("{2150E333-8FDC-42A3-9474-1A3956D46DE8}") = "test", "test", "{5925B6A8-817B-4767-AFF8-12A593C7A3AB}"
EndProject
Project("{FAE04EC0-301F-11D3-BF4B-00C04F79EFBC}") = "JsonToJsonMapper.Core.Tests", "test\JsonToJsonMapper.Tests\JsonToJsonMapper.Core.Tests.csproj", "{D00EFB18-9D20-4222-A9C0-33A6C1CD7FE2}"
EndProject
Global
	GlobalSection(SolutionConfigurationPlatforms) = preSolution
		Debug|Any CPU = Debug|Any CPU
		Release|Any CPU = Release|Any CPU
	EndGlobalSection
	GlobalSection(SolutionProperties) = preSolution
		HideSolutionNode = FALSE
	EndGlobalSection
	GlobalSection(ProjectConfigurationPlatforms) = postSolution
		{4620C9BA-6A5E-4B38-A3E3-6394AA94D06C}.Debug|Any CPU.ActiveCfg = Debug|Any CPU
		{4620C9BA-6A5E-4B38-A3E3-6394AA94D06C}.Debug|Any CPU.Build.0 = Debug|Any CPU
		{4620C9BA-6A5E-4B38-A3E3-6394AA94D06C}.Release|Any CPU.ActiveCfg = Release|Any CPU
		{4620C9BA-6A5E-4B38-A3E3-6394AA94D06C}.Release|Any CPU.Build.0 = Release|Any CPU
		{D00EFB18-9D20-4222-A9C0-33A6C1CD7FE2}.Debug|Any CPU.ActiveCfg = Debug|Any CPU
		{D00EFB18-9D20-4222-A9C0-33A6C1CD7FE2}.Debug|Any CPU.Build.0 = Debug|Any CPU
		{D00EFB18-9D20-4222-A9C0-33A6C1CD7FE2}.Release|Any CPU.ActiveCfg = Release|Any CPU
		{D00EFB18-9D20-4222-A9C0-33A6C1CD7FE2}.Release|Any CPU.Build.0 = Release|Any CPU
	EndGlobalSection
	GlobalSection(NestedProjects) = preSolution
		{4620C9BA-6A5E-4B38-A3E3-6394AA94D06C} = {9181289D-E1A0-4294-86C3-000A3DB40611}
		{D00EFB18-9D20-4222-A9C0-33A6C1CD7FE2} = {5925B6A8-817B-4767-AFF8-12A593C7A3AB}
	EndGlobalSection
EndGlobal
